// !$*UTF8*$!
{
	archiveVersion = 1;
	classes = {
	};
	objectVersion = 50;
	objects = {

/* Begin PBXBuildFile section */
		6C5B18122512B66C007E49F4 /* AppDelegate.swift in Sources */ = {isa = PBXBuildFile; fileRef = 6C5B18112512B66C007E49F4 /* AppDelegate.swift */; };
		6C5B18142512B66C007E49F4 /* SceneDelegate.swift in Sources */ = {isa = PBXBuildFile; fileRef = 6C5B18132512B66C007E49F4 /* SceneDelegate.swift */; };
		6C5B18162512B66C007E49F4 /* ViewController.swift in Sources */ = {isa = PBXBuildFile; fileRef = 6C5B18152512B66C007E49F4 /* ViewController.swift */; };
		6C5B18192512B66C007E49F4 /* Main.storyboard in Resources */ = {isa = PBXBuildFile; fileRef = 6C5B18172512B66C007E49F4 /* Main.storyboard */; };
		6C5B181B2512B66E007E49F4 /* Assets.xcassets in Resources */ = {isa = PBXBuildFile; fileRef = 6C5B181A2512B66E007E49F4 /* Assets.xcassets */; };
		6C5B181E2512B66E007E49F4 /* LaunchScreen.storyboard in Resources */ = {isa = PBXBuildFile; fileRef = 6C5B181C2512B66E007E49F4 /* LaunchScreen.storyboard */; };
		6C5B18292512B66E007E49F4 /* flixsterTests.swift in Sources */ = {isa = PBXBuildFile; fileRef = 6C5B18282512B66E007E49F4 /* flixsterTests.swift */; };
		6C5B18342512B66E007E49F4 /* flixsterUITests.swift in Sources */ = {isa = PBXBuildFile; fileRef = 6C5B18332512B66E007E49F4 /* flixsterUITests.swift */; };
		6C5B18432512D19E007E49F4 /* MoviesViewController.swift in Sources */ = {isa = PBXBuildFile; fileRef = 6C5B18422512D19E007E49F4 /* MoviesViewController.swift */; };
		6C5B184525132A0A007E49F4 /* MovieCell.swift in Sources */ = {isa = PBXBuildFile; fileRef = 6C5B184425132A0A007E49F4 /* MovieCell.swift */; };
/* End PBXBuildFile section */

/* Begin PBXContainerItemProxy section */
		6C5B18252512B66E007E49F4 /* PBXContainerItemProxy */ = {
			isa = PBXContainerItemProxy;
			containerPortal = 6C5B18062512B66C007E49F4 /* Project object */;
			proxyType = 1;
			remoteGlobalIDString = 6C5B180D2512B66C007E49F4;
			remoteInfo = flixster;
		};
		6C5B18302512B66E007E49F4 /* PBXContainerItemProxy */ = {
			isa = PBXContainerItemProxy;
			containerPortal = 6C5B18062512B66C007E49F4 /* Project object */;
			proxyType = 1;
			remoteGlobalIDString = 6C5B180D2512B66C007E49F4;
			remoteInfo = flixster;
		};
/* End PBXContainerItemProxy section */

/* Begin PBXFileReference section */
		6C5B180E2512B66C007E49F4 /* flix.app */ = {isa = PBXFileReference; explicitFileType = wrapper.application; includeInIndex = 0; path = flix.app; sourceTree = BUILT_PRODUCTS_DIR; };
		6C5B18112512B66C007E49F4 /* AppDelegate.swift */ = {isa = PBXFileReference; lastKnownFileType = sourcecode.swift; path = AppDelegate.swift; sourceTree = "<group>"; };
		6C5B18132512B66C007E49F4 /* SceneDelegate.swift */ = {isa = PBXFileReference; lastKnownFileType = sourcecode.swift; path = SceneDelegate.swift; sourceTree = "<group>"; };
		6C5B18152512B66C007E49F4 /* ViewController.swift */ = {isa = PBXFileReference; lastKnownFileType = sourcecode.swift; path = ViewController.swift; sourceTree = "<group>"; };
		6C5B18182512B66C007E49F4 /* Base */ = {isa = PBXFileReference; lastKnownFileType = file.storyboard; name = Base; path = Base.lproj/Main.storyboard; sourceTree = "<group>"; };
		6C5B181A2512B66E007E49F4 /* Assets.xcassets */ = {isa = PBXFileReference; lastKnownFileType = folder.assetcatalog; path = Assets.xcassets; sourceTree = "<group>"; };
		6C5B181D2512B66E007E49F4 /* Base */ = {isa = PBXFileReference; lastKnownFileType = file.storyboard; name = Base; path = Base.lproj/LaunchScreen.storyboard; sourceTree = "<group>"; };
		6C5B181F2512B66E007E49F4 /* Info.plist */ = {isa = PBXFileReference; lastKnownFileType = text.plist.xml; path = Info.plist; sourceTree = "<group>"; };
		6C5B18242512B66E007E49F4 /* flixTests.xctest */ = {isa = PBXFileReference; explicitFileType = wrapper.cfbundle; includeInIndex = 0; path = flixTests.xctest; sourceTree = BUILT_PRODUCTS_DIR; };
		6C5B18282512B66E007E49F4 /* flixsterTests.swift */ = {isa = PBXFileReference; lastKnownFileType = sourcecode.swift; path = flixsterTests.swift; sourceTree = "<group>"; };
		6C5B182A2512B66E007E49F4 /* Info.plist */ = {isa = PBXFileReference; lastKnownFileType = text.plist.xml; path = Info.plist; sourceTree = "<group>"; };
		6C5B182F2512B66E007E49F4 /* flixUITests.xctest */ = {isa = PBXFileReference; explicitFileType = wrapper.cfbundle; includeInIndex = 0; path = flixUITests.xctest; sourceTree = BUILT_PRODUCTS_DIR; };
		6C5B18332512B66E007E49F4 /* flixsterUITests.swift */ = {isa = PBXFileReference; lastKnownFileType = sourcecode.swift; path = flixsterUITests.swift; sourceTree = "<group>"; };
		6C5B18352512B66E007E49F4 /* Info.plist */ = {isa = PBXFileReference; lastKnownFileType = text.plist.xml; path = Info.plist; sourceTree = "<group>"; };
		6C5B18412512B68B007E49F4 /* flixster.entitlements */ = {isa = PBXFileReference; lastKnownFileType = text.plist.entitlements; path = flixster.entitlements; sourceTree = "<group>"; };
		6C5B18422512D19E007E49F4 /* MoviesViewController.swift */ = {isa = PBXFileReference; lastKnownFileType = sourcecode.swift; path = MoviesViewController.swift; sourceTree = "<group>"; };
		6C5B184425132A0A007E49F4 /* MovieCell.swift */ = {isa = PBXFileReference; lastKnownFileType = sourcecode.swift; path = MovieCell.swift; sourceTree = "<group>"; };
/* End PBXFileReference section */

/* Begin PBXFrameworksBuildPhase section */
		6C5B180B2512B66C007E49F4 /* Frameworks */ = {
			isa = PBXFrameworksBuildPhase;
			buildActionMask = 2147483647;
			files = (
			);
			runOnlyForDeploymentPostprocessing = 0;
		};
		6C5B18212512B66E007E49F4 /* Frameworks */ = {
			isa = PBXFrameworksBuildPhase;
			buildActionMask = 2147483647;
			files = (
			);
			runOnlyForDeploymentPostprocessing = 0;
		};
		6C5B182C2512B66E007E49F4 /* Frameworks */ = {
			isa = PBXFrameworksBuildPhase;
			buildActionMask = 2147483647;
			files = (
			);
			runOnlyForDeploymentPostprocessing = 0;
		};
/* End PBXFrameworksBuildPhase section */

/* Begin PBXGroup section */
		6C5B18052512B66C007E49F4 = {
			isa = PBXGroup;
			children = (
				6C5B18102512B66C007E49F4 /* flixster */,
				6C5B18272512B66E007E49F4 /* flixsterTests */,
				6C5B18322512B66E007E49F4 /* flixsterUITests */,
				6C5B180F2512B66C007E49F4 /* Products */,
			);
			sourceTree = "<group>";
		};
		6C5B180F2512B66C007E49F4 /* Products */ = {
			isa = PBXGroup;
			children = (
				6C5B180E2512B66C007E49F4 /* flix.app */,
				6C5B18242512B66E007E49F4 /* flixTests.xctest */,
				6C5B182F2512B66E007E49F4 /* flixUITests.xctest */,
			);
			name = Products;
			sourceTree = "<group>";
		};
		6C5B18102512B66C007E49F4 /* flixster */ = {
			isa = PBXGroup;
			children = (
				6C5B18412512B68B007E49F4 /* flixster.entitlements */,
				6C5B18112512B66C007E49F4 /* AppDelegate.swift */,
				6C5B18132512B66C007E49F4 /* SceneDelegate.swift */,
				6C5B18152512B66C007E49F4 /* ViewController.swift */,
				6C5B18172512B66C007E49F4 /* Main.storyboard */,
				6C5B184425132A0A007E49F4 /* MovieCell.swift */,
				6C5B181A2512B66E007E49F4 /* Assets.xcassets */,
				6C5B181C2512B66E007E49F4 /* LaunchScreen.storyboard */,
				6C5B181F2512B66E007E49F4 /* Info.plist */,
				6C5B18422512D19E007E49F4 /* MoviesViewController.swift */,
			);
			path = flixster;
			sourceTree = "<group>";
		};
		6C5B18272512B66E007E49F4 /* flixsterTests */ = {
			isa = PBXGroup;
			children = (
				6C5B18282512B66E007E49F4 /* flixsterTests.swift */,
				6C5B182A2512B66E007E49F4 /* Info.plist */,
			);
			path = flixsterTests;
			sourceTree = "<group>";
		};
		6C5B18322512B66E007E49F4 /* flixsterUITests */ = {
			isa = PBXGroup;
			children = (
				6C5B18332512B66E007E49F4 /* flixsterUITests.swift */,
				6C5B18352512B66E007E49F4 /* Info.plist */,
			);
			path = flixsterUITests;
			sourceTree = "<group>";
		};
/* End PBXGroup section */

/* Begin PBXNativeTarget section */
		6C5B180D2512B66C007E49F4 /* flix */ = {
			isa = PBXNativeTarget;
			buildConfigurationList = 6C5B18382512B66E007E49F4 /* Build configuration list for PBXNativeTarget "flix" */;
			buildPhases = (
				6C5B180A2512B66C007E49F4 /* Sources */,
				6C5B180B2512B66C007E49F4 /* Frameworks */,
				6C5B180C2512B66C007E49F4 /* Resources */,
			);
			buildRules = (
			);
			dependencies = (
			);
			name = flix;
			productName = flixster;
			productReference = 6C5B180E2512B66C007E49F4 /* flix.app */;
			productType = "com.apple.product-type.application";
		};
		6C5B18232512B66E007E49F4 /* flixTests */ = {
			isa = PBXNativeTarget;
			buildConfigurationList = 6C5B183B2512B66E007E49F4 /* Build configuration list for PBXNativeTarget "flixTests" */;
			buildPhases = (
				6C5B18202512B66E007E49F4 /* Sources */,
				6C5B18212512B66E007E49F4 /* Frameworks */,
				6C5B18222512B66E007E49F4 /* Resources */,
			);
			buildRules = (
			);
			dependencies = (
				6C5B18262512B66E007E49F4 /* PBXTargetDependency */,
			);
			name = flixTests;
			productName = flixsterTests;
			productReference = 6C5B18242512B66E007E49F4 /* flixTests.xctest */;
			productType = "com.apple.product-type.bundle.unit-test";
		};
		6C5B182E2512B66E007E49F4 /* flixUITests */ = {
			isa = PBXNativeTarget;
			buildConfigurationList = 6C5B183E2512B66E007E49F4 /* Build configuration list for PBXNativeTarget "flixUITests" */;
			buildPhases = (
				6C5B182B2512B66E007E49F4 /* Sources */,
				6C5B182C2512B66E007E49F4 /* Frameworks */,
				6C5B182D2512B66E007E49F4 /* Resources */,
			);
			buildRules = (
			);
			dependencies = (
				6C5B18312512B66E007E49F4 /* PBXTargetDependency */,
			);
			name = flixUITests;
			productName = flixsterUITests;
			productReference = 6C5B182F2512B66E007E49F4 /* flixUITests.xctest */;
			productType = "com.apple.product-type.bundle.ui-testing";
		};
/* End PBXNativeTarget section */

/* Begin PBXProject section */
		6C5B18062512B66C007E49F4 /* Project object */ = {
			isa = PBXProject;
			attributes = {
				LastSwiftUpdateCheck = 1170;
				LastUpgradeCheck = 1170;
				ORGANIZATIONNAME = "Jonathan Cabrera";
				TargetAttributes = {
					6C5B180D2512B66C007E49F4 = {
						CreatedOnToolsVersion = 11.7;
					};
					6C5B18232512B66E007E49F4 = {
						CreatedOnToolsVersion = 11.7;
						TestTargetID = 6C5B180D2512B66C007E49F4;
					};
					6C5B182E2512B66E007E49F4 = {
						CreatedOnToolsVersion = 11.7;
						TestTargetID = 6C5B180D2512B66C007E49F4;
					};
				};
			};
			buildConfigurationList = 6C5B18092512B66C007E49F4 /* Build configuration list for PBXProject "flix" */;
			compatibilityVersion = "Xcode 9.3";
			developmentRegion = en;
			hasScannedForEncodings = 0;
			knownRegions = (
				en,
				Base,
			);
			mainGroup = 6C5B18052512B66C007E49F4;
			productRefGroup = 6C5B180F2512B66C007E49F4 /* Products */;
			projectDirPath = "";
			projectRoot = "";
			targets = (
				6C5B180D2512B66C007E49F4 /* flix */,
				6C5B18232512B66E007E49F4 /* flixTests */,
				6C5B182E2512B66E007E49F4 /* flixUITests */,
			);
		};
/* End PBXProject section */

/* Begin PBXResourcesBuildPhase section */
		6C5B180C2512B66C007E49F4 /* Resources */ = {
			isa = PBXResourcesBuildPhase;
			buildActionMask = 2147483647;
			files = (
				6C5B181E2512B66E007E49F4 /* LaunchScreen.storyboard in Resources */,
				6C5B181B2512B66E007E49F4 /* Assets.xcassets in Resources */,
				6C5B18192512B66C007E49F4 /* Main.storyboard in Resources */,
			);
			runOnlyForDeploymentPostprocessing = 0;
		};
		6C5B18222512B66E007E49F4 /* Resources */ = {
			isa = PBXResourcesBuildPhase;
			buildActionMask = 2147483647;
			files = (
			);
			runOnlyForDeploymentPostprocessing = 0;
		};
		6C5B182D2512B66E007E49F4 /* Resources */ = {
			isa = PBXResourcesBuildPhase;
			buildActionMask = 2147483647;
			files = (
			);
			runOnlyForDeploymentPostprocessing = 0;
		};
/* End PBXResourcesBuildPhase section */

/* Begin PBXSourcesBuildPhase section */
		6C5B180A2512B66C007E49F4 /* Sources */ = {
			isa = PBXSourcesBuildPhase;
			buildActionMask = 2147483647;
			files = (
				6C5B18162512B66C007E49F4 /* ViewController.swift in Sources */,
				6C5B18122512B66C007E49F4 /* AppDelegate.swift in Sources */,
				6C5B18142512B66C007E49F4 /* SceneDelegate.swift in Sources */,
				6C5B184525132A0A007E49F4 /* MovieCell.swift in Sources */,
				6C5B18432512D19E007E49F4 /* MoviesViewController.swift in Sources */,
			);
			runOnlyForDeploymentPostprocessing = 0;
		};
		6C5B18202512B66E007E49F4 /* Sources */ = {
			isa = PBXSourcesBuildPhase;
			buildActionMask = 2147483647;
			files = (
				6C5B18292512B66E007E49F4 /* flixsterTests.swift in Sources */,
			);
			runOnlyForDeploymentPostprocessing = 0;
		};
		6C5B182B2512B66E007E49F4 /* Sources */ = {
			isa = PBXSourcesBuildPhase;
			buildActionMask = 2147483647;
			files = (
				6C5B18342512B66E007E49F4 /* flixsterUITests.swift in Sources */,
			);
			runOnlyForDeploymentPostprocessing = 0;
		};
/* End PBXSourcesBuildPhase section */

/* Begin PBXTargetDependency section */
		6C5B18262512B66E007E49F4 /* PBXTargetDependency */ = {
			isa = PBXTargetDependency;
			target = 6C5B180D2512B66C007E49F4 /* flix */;
			targetProxy = 6C5B18252512B66E007E49F4 /* PBXContainerItemProxy */;
		};
		6C5B18312512B66E007E49F4 /* PBXTargetDependency */ = {
			isa = PBXTargetDependency;
			target = 6C5B180D2512B66C007E49F4 /* flix */;
			targetProxy = 6C5B18302512B66E007E49F4 /* PBXContainerItemProxy */;
		};
/* End PBXTargetDependency section */

/* Begin PBXVariantGroup section */
		6C5B18172512B66C007E49F4 /* Main.storyboard */ = {
			isa = PBXVariantGroup;
			children = (
				6C5B18182512B66C007E49F4 /* Base */,
			);
			name = Main.storyboard;
			sourceTree = "<group>";
		};
		6C5B181C2512B66E007E49F4 /* LaunchScreen.storyboard */ = {
			isa = PBXVariantGroup;
			children = (
				6C5B181D2512B66E007E49F4 /* Base */,
			);
			name = LaunchScreen.storyboard;
			sourceTree = "<group>";
		};
/* End PBXVariantGroup section */

/* Begin XCBuildConfiguration section */
		6C5B18362512B66E007E49F4 /* Debug */ = {
			isa = XCBuildConfiguration;
			buildSettings = {
				ALWAYS_SEARCH_USER_PATHS = NO;
				CLANG_ANALYZER_NONNULL = YES;
				CLANG_ANALYZER_NUMBER_OBJECT_CONVERSION = YES_AGGRESSIVE;
				CLANG_CXX_LANGUAGE_STANDARD = "gnu++14";
				CLANG_CXX_LIBRARY = "libc++";
				CLANG_ENABLE_MODULES = YES;
				CLANG_ENABLE_OBJC_ARC = YES;
				CLANG_ENABLE_OBJC_WEAK = YES;
				CLANG_WARN_BLOCK_CAPTURE_AUTORELEASING = YES;
				CLANG_WARN_BOOL_CONVERSION = YES;
				CLANG_WARN_COMMA = YES;
				CLANG_WARN_CONSTANT_CONVERSION = YES;
				CLANG_WARN_DEPRECATED_OBJC_IMPLEMENTATIONS = YES;
				CLANG_WARN_DIRECT_OBJC_ISA_USAGE = YES_ERROR;
				CLANG_WARN_DOCUMENTATION_COMMENTS = YES;
				CLANG_WARN_EMPTY_BODY = YES;
				CLANG_WARN_ENUM_CONVERSION = YES;
				CLANG_WARN_INFINITE_RECURSION = YES;
				CLANG_WARN_INT_CONVERSION = YES;
				CLANG_WARN_NON_LITERAL_NULL_CONVERSION = YES;
				CLANG_WARN_OBJC_IMPLICIT_RETAIN_SELF = YES;
				CLANG_WARN_OBJC_LITERAL_CONVERSION = YES;
				CLANG_WARN_OBJC_ROOT_CLASS = YES_ERROR;
				CLANG_WARN_RANGE_LOOP_ANALYSIS = YES;
				CLANG_WARN_STRICT_PROTOTYPES = YES;
				CLANG_WARN_SUSPICIOUS_MOVE = YES;
				CLANG_WARN_UNGUARDED_AVAILABILITY = YES_AGGRESSIVE;
				CLANG_WARN_UNREACHABLE_CODE = YES;
				CLANG_WARN__DUPLICATE_METHOD_MATCH = YES;
				COPY_PHASE_STRIP = NO;
				DEBUG_INFORMATION_FORMAT = dwarf;
				ENABLE_STRICT_OBJC_MSGSEND = YES;
				ENABLE_TESTABILITY = YES;
				GCC_C_LANGUAGE_STANDARD = gnu11;
				GCC_DYNAMIC_NO_PIC = NO;
				GCC_NO_COMMON_BLOCKS = YES;
				GCC_OPTIMIZATION_LEVEL = 0;
				GCC_PREPROCESSOR_DEFINITIONS = (
					"DEBUG=1",
					"$(inherited)",
				);
				GCC_WARN_64_TO_32_BIT_CONVERSION = YES;
				GCC_WARN_ABOUT_RETURN_TYPE = YES_ERROR;
				GCC_WARN_UNDECLARED_SELECTOR = YES;
				GCC_WARN_UNINITIALIZED_AUTOS = YES_AGGRESSIVE;
				GCC_WARN_UNUSED_FUNCTION = YES;
				GCC_WARN_UNUSED_VARIABLE = YES;
				IPHONEOS_DEPLOYMENT_TARGET = 13.7;
				MTL_ENABLE_DEBUG_INFO = INCLUDE_SOURCE;
				MTL_FAST_MATH = YES;
				ONLY_ACTIVE_ARCH = YES;
				SDKROOT = iphoneos;
				SWIFT_ACTIVE_COMPILATION_CONDITIONS = DEBUG;
				SWIFT_OPTIMIZATION_LEVEL = "-Onone";
			};
			name = Debug;
		};
		6C5B18372512B66E007E49F4 /* Release */ = {
			isa = XCBuildConfiguration;
			buildSettings = {
				ALWAYS_SEARCH_USER_PATHS = NO;
				CLANG_ANALYZER_NONNULL = YES;
				CLANG_ANALYZER_NUMBER_OBJECT_CONVERSION = YES_AGGRESSIVE;
				CLANG_CXX_LANGUAGE_STANDARD = "gnu++14";
				CLANG_CXX_LIBRARY = "libc++";
				CLANG_ENABLE_MODULES = YES;
				CLANG_ENABLE_OBJC_ARC = YES;
				CLANG_ENABLE_OBJC_WEAK = YES;
				CLANG_WARN_BLOCK_CAPTURE_AUTORELEASING = YES;
				CLANG_WARN_BOOL_CONVERSION = YES;
				CLANG_WARN_COMMA = YES;
				CLANG_WARN_CONSTANT_CONVERSION = YES;
				CLANG_WARN_DEPRECATED_OBJC_IMPLEMENTATIONS = YES;
				CLANG_WARN_DIRECT_OBJC_ISA_USAGE = YES_ERROR;
				CLANG_WARN_DOCUMENTATION_COMMENTS = YES;
				CLANG_WARN_EMPTY_BODY = YES;
				CLANG_WARN_ENUM_CONVERSION = YES;
				CLANG_WARN_INFINITE_RECURSION = YES;
				CLANG_WARN_INT_CONVERSION = YES;
				CLANG_WARN_NON_LITERAL_NULL_CONVERSION = YES;
				CLANG_WARN_OBJC_IMPLICIT_RETAIN_SELF = YES;
				CLANG_WARN_OBJC_LITERAL_CONVERSION = YES;
				CLANG_WARN_OBJC_ROOT_CLASS = YES_ERROR;
				CLANG_WARN_RANGE_LOOP_ANALYSIS = YES;
				CLANG_WARN_STRICT_PROTOTYPES = YES;
				CLANG_WARN_SUSPICIOUS_MOVE = YES;
				CLANG_WARN_UNGUARDED_AVAILABILITY = YES_AGGRESSIVE;
				CLANG_WARN_UNREACHABLE_CODE = YES;
				CLANG_WARN__DUPLICATE_METHOD_MATCH = YES;
				COPY_PHASE_STRIP = NO;
				DEBUG_INFORMATION_FORMAT = "dwarf-with-dsym";
				ENABLE_NS_ASSERTIONS = NO;
				ENABLE_STRICT_OBJC_MSGSEND = YES;
				GCC_C_LANGUAGE_STANDARD = gnu11;
				GCC_NO_COMMON_BLOCKS = YES;
				GCC_WARN_64_TO_32_BIT_CONVERSION = YES;
				GCC_WARN_ABOUT_RETURN_TYPE = YES_ERROR;
				GCC_WARN_UNDECLARED_SELECTOR = YES;
				GCC_WARN_UNINITIALIZED_AUTOS = YES_AGGRESSIVE;
				GCC_WARN_UNUSED_FUNCTION = YES;
				GCC_WARN_UNUSED_VARIABLE = YES;
				IPHONEOS_DEPLOYMENT_TARGET = 13.7;
				MTL_ENABLE_DEBUG_INFO = NO;
				MTL_FAST_MATH = YES;
				SDKROOT = iphoneos;
				SWIFT_COMPILATION_MODE = wholemodule;
				SWIFT_OPTIMIZATION_LEVEL = "-O";
				VALIDATE_PRODUCT = YES;
			};
			name = Release;
		};
		6C5B18392512B66E007E49F4 /* Debug */ = {
			isa = XCBuildConfiguration;
			buildSettings = {
				ASSETCATALOG_COMPILER_APPICON_NAME = AppIcon;
				CODE_SIGN_ENTITLEMENTS = flixster/flixster.entitlements;
				CODE_SIGN_STYLE = Automatic;
				INFOPLIST_FILE = flixster/Info.plist;
				LD_RUNPATH_SEARCH_PATHS = (
					"$(inherited)",
					"@executable_path/Frameworks",
				);
				PRODUCT_BUNDLE_IDENTIFIER = JonathanCabrera.flixster;
				PRODUCT_NAME = flix;
				SUPPORTS_MACCATALYST = NO;
				SWIFT_VERSION = 5.0;
				TARGETED_DEVICE_FAMILY = "1,2";
			};
			name = Debug;
		};
		6C5B183A2512B66E007E49F4 /* Release */ = {
			isa = XCBuildConfiguration;
			buildSettings = {
				ASSETCATALOG_COMPILER_APPICON_NAME = AppIcon;
				CODE_SIGN_ENTITLEMENTS = flixster/flixster.entitlements;
				CODE_SIGN_STYLE = Automatic;
				INFOPLIST_FILE = flixster/Info.plist;
				LD_RUNPATH_SEARCH_PATHS = (
					"$(inherited)",
					"@executable_path/Frameworks",
				);
				PRODUCT_BUNDLE_IDENTIFIER = JonathanCabrera.flixster;
				PRODUCT_NAME = flix;
				SUPPORTS_MACCATALYST = NO;
				SWIFT_VERSION = 5.0;
				TARGETED_DEVICE_FAMILY = "1,2";
			};
			name = Release;
		};
		6C5B183C2512B66E007E49F4 /* Debug */ = {
			isa = XCBuildConfiguration;
			buildSettings = {
				ALWAYS_EMBED_SWIFT_STANDARD_LIBRARIES = YES;
				BUNDLE_LOADER = "$(TEST_HOST)";
				CODE_SIGN_STYLE = Automatic;
				INFOPLIST_FILE = flixsterTests/Info.plist;
				IPHONEOS_DEPLOYMENT_TARGET = 13.7;
				LD_RUNPATH_SEARCH_PATHS = (
					"$(inherited)",
					"@executable_path/Frameworks",
					"@loader_path/Frameworks",
				);
				PRODUCT_BUNDLE_IDENTIFIER = JonathanCabrera.flixsterTests;
				PRODUCT_NAME = "$(TARGET_NAME)";
				SWIFT_VERSION = 5.0;
				TARGETED_DEVICE_FAMILY = "1,2";
				TEST_HOST = "$(BUILT_PRODUCTS_DIR)/flix.app/flix";
			};
			name = Debug;
		};
		6C5B183D2512B66E007E49F4 /* Release */ = {
			isa = XCBuildConfiguration;
			buildSettings = {
				ALWAYS_EMBED_SWIFT_STANDARD_LIBRARIES = YES;
				BUNDLE_LOADER = "$(TEST_HOST)";
				CODE_SIGN_STYLE = Automatic;
				INFOPLIST_FILE = flixsterTests/Info.plist;
				IPHONEOS_DEPLOYMENT_TARGET = 13.7;
				LD_RUNPATH_SEARCH_PATHS = (
					"$(inherited)",
					"@executable_path/Frameworks",
					"@loader_path/Frameworks",
				);
				PRODUCT_BUNDLE_IDENTIFIER = JonathanCabrera.flixsterTests;
				PRODUCT_NAME = "$(TARGET_NAME)";
				SWIFT_VERSION = 5.0;
				TARGETED_DEVICE_FAMILY = "1,2";
				TEST_HOST = "$(BUILT_PRODUCTS_DIR)/flix.app/flix";
			};
			name = Release;
		};
		6C5B183F2512B66E007E49F4 /* Debug */ = {
			isa = XCBuildConfiguration;
			buildSettings = {
				ALWAYS_EMBED_SWIFT_STANDARD_LIBRARIES = YES;
				CODE_SIGN_STYLE = Automatic;
				INFOPLIST_FILE = flixsterUITests/Info.plist;
				LD_RUNPATH_SEARCH_PATHS = (
					"$(inherited)",
					"@executable_path/Frameworks",
					"@loader_path/Frameworks",
				);
				PRODUCT_BUNDLE_IDENTIFIER = JonathanCabrera.flixsterUITests;
				PRODUCT_NAME = "$(TARGET_NAME)";
				SWIFT_VERSION = 5.0;
				TARGETED_DEVICE_FAMILY = "1,2";
				TEST_TARGET_NAME = flixster;
			};
			name = Debug;
		};
		6C5B18402512B66E007E49F4 /* Release */ = {
			isa = XCBuildConfiguration;
			buildSettings = {
				ALWAYS_EMBED_SWIFT_STANDARD_LIBRARIES = YES;
				CODE_SIGN_STYLE = Automatic;
				INFOPLIST_FILE = flixsterUITests/Info.plist;
				LD_RUNPATH_SEARCH_PATHS = (
					"$(inherited)",
					"@executable_path/Frameworks",
					"@loader_path/Frameworks",
				);
				PRODUCT_BUNDLE_IDENTIFIER = JonathanCabrera.flixsterUITests;
				PRODUCT_NAME = "$(TARGET_NAME)";
				SWIFT_VERSION = 5.0;
				TARGETED_DEVICE_FAMILY = "1,2";
				TEST_TARGET_NAME = flixster;
			};
			name = Release;
		};
/* End XCBuildConfiguration section */

/* Begin XCConfigurationList section */
		6C5B18092512B66C007E49F4 /* Build configuration list for PBXProject "flix" */ = {
			isa = XCConfigurationList;
			buildConfigurations = (
				6C5B18362512B66E007E49F4 /* Debug */,
				6C5B18372512B66E007E49F4 /* Release */,
			);
			defaultConfigurationIsVisible = 0;
			defaultConfigurationName = Release;
		};
		6C5B18382512B66E007E49F4 /* Build configuration list for PBXNativeTarget "flix" */ = {
			isa = XCConfigurationList;
			buildConfigurations = (
				6C5B18392512B66E007E49F4 /* Debug */,
				6C5B183A2512B66E007E49F4 /* Release */,
			);
			defaultConfigurationIsVisible = 0;
			defaultConfigurationName = Release;
		};
		6C5B183B2512B66E007E49F4 /* Build configuration list for PBXNativeTarget "flixTests" */ = {
			isa = XCConfigurationList;
			buildConfigurations = (
				6C5B183C2512B66E007E49F4 /* Debug */,
				6C5B183D2512B66E007E49F4 /* Release */,
			);
			defaultConfigurationIsVisible = 0;
			defaultConfigurationName = Release;
		};
		6C5B183E2512B66E007E49F4 /* Build configuration list for PBXNativeTarget "flixUITests" */ = {
			isa = XCConfigurationList;
			buildConfigurations = (
				6C5B183F2512B66E007E49F4 /* Debug */,
				6C5B18402512B66E007E49F4 /* Release */,
			);
			defaultConfigurationIsVisible = 0;
			defaultConfigurationName = Release;
		};
/* End XCConfigurationList section */
	};
	rootObject = 6C5B18062512B66C007E49F4 /* Project object */;
}
